
Microsoft Visual Studio Solution File, Format Version 12.00
# Visual Studio 15
Project("{FAE04EC0-301F-11D3-BF4B-00C04F79EFBC}") = "esapm", "esapm\esapm.csproj", "{00F5F195-28B1-42F8-8261-00B00F3B3ECD}"
EndProject
Global
	GlobalSection(SolutionConfigurationPlatforms) = preSolution
		Debug|Any CPU = Debug|Any CPU
		Release|Any CPU = Release|Any CPU
	EndGlobalSection
	GlobalSection(ProjectConfigurationPlatforms) = postSolution
		{00F5F195-28B1-42F8-8261-00B00F3B3ECD}.Debug|Any CPU.ActiveCfg = Debug|Any CPU
		{00F5F195-28B1-42F8-8261-00B00F3B3ECD}.Debug|Any CPU.Build.0 = Debug|Any CPU
		{00F5F195-28B1-42F8-8261-00B00F3B3ECD}.Release|Any CPU.ActiveCfg = Release|Any CPU
		{00F5F195-28B1-42F8-8261-00B00F3B3ECD}.Release|Any CPU.Build.0 = Release|Any CPU
	EndGlobalSection
EndGlobal
